// !$*UTF8*$!
{
	archiveVersion = 1;
	classes = {
	};
	objectVersion = 46;
	objects = {

/* Begin PBXBuildFile section */
		4EDE96960464D32963C18608 /* libPods-Syndrome.a in Frameworks */ = {isa = PBXBuildFile; fileRef = BEE2FF26812908353F640DFC /* libPods-Syndrome.a */; };
		8C950E3E1DCBDE0A005E1A12 /* main.m in Sources */ = {isa = PBXBuildFile; fileRef = 8C950E3D1DCBDE0A005E1A12 /* main.m */; };
		8C950E411DCBDE0A005E1A12 /* AppDelegate.m in Sources */ = {isa = PBXBuildFile; fileRef = 8C950E401DCBDE0A005E1A12 /* AppDelegate.m */; };
		8C950E441DCBDE0A005E1A12 /* ViewController.m in Sources */ = {isa = PBXBuildFile; fileRef = 8C950E431DCBDE0A005E1A12 /* ViewController.m */; };
		8C950E471DCBDE0A005E1A12 /* Main.storyboard in Resources */ = {isa = PBXBuildFile; fileRef = 8C950E451DCBDE0A005E1A12 /* Main.storyboard */; };
		8C950E491DCBDE0A005E1A12 /* Assets.xcassets in Resources */ = {isa = PBXBuildFile; fileRef = 8C950E481DCBDE0A005E1A12 /* Assets.xcassets */; };
		8C950E4C1DCBDE0A005E1A12 /* LaunchScreen.storyboard in Resources */ = {isa = PBXBuildFile; fileRef = 8C950E4A1DCBDE0A005E1A12 /* LaunchScreen.storyboard */; };
		8C950E571DCBDE0B005E1A12 /* SyndromeTests.m in Sources */ = {isa = PBXBuildFile; fileRef = 8C950E561DCBDE0B005E1A12 /* SyndromeTests.m */; };
		CF6560BEEE20248E779A5C3A /* libPods-SyndromeTests.a in Frameworks */ = {isa = PBXBuildFile; fileRef = F933461B9A6C6E35D876B78F /* libPods-SyndromeTests.a */; };
/* End PBXBuildFile section */

/* Begin PBXContainerItemProxy section */
		8C950E531DCBDE0B005E1A12 /* PBXContainerItemProxy */ = {
			isa = PBXContainerItemProxy;
			containerPortal = 8C950E311DCBDE0A005E1A12 /* Project object */;
			proxyType = 1;
			remoteGlobalIDString = 8C950E381DCBDE0A005E1A12;
			remoteInfo = Syndrome;
		};
/* End PBXContainerItemProxy section */

/* Begin PBXFileReference section */
		619C73036F1F0EFBDC562340 /* Pods-SyndromeTests.release.xcconfig */ = {isa = PBXFileReference; includeInIndex = 1; lastKnownFileType = text.xcconfig; name = "Pods-SyndromeTests.release.xcconfig"; path = "Pods/Target Support Files/Pods-SyndromeTests/Pods-SyndromeTests.release.xcconfig"; sourceTree = "<group>"; };
		8C950E391DCBDE0A005E1A12 /* Syndrome.app */ = {isa = PBXFileReference; explicitFileType = wrapper.application; includeInIndex = 0; path = Syndrome.app; sourceTree = BUILT_PRODUCTS_DIR; };
		8C950E3D1DCBDE0A005E1A12 /* main.m */ = {isa = PBXFileReference; lastKnownFileType = sourcecode.c.objc; path = main.m; sourceTree = "<group>"; };
		8C950E3F1DCBDE0A005E1A12 /* AppDelegate.h */ = {isa = PBXFileReference; lastKnownFileType = sourcecode.c.h; path = AppDelegate.h; sourceTree = "<group>"; };
		8C950E401DCBDE0A005E1A12 /* AppDelegate.m */ = {isa = PBXFileReference; lastKnownFileType = sourcecode.c.objc; path = AppDelegate.m; sourceTree = "<group>"; };
		8C950E421DCBDE0A005E1A12 /* ViewController.h */ = {isa = PBXFileReference; lastKnownFileType = sourcecode.c.h; path = ViewController.h; sourceTree = "<group>"; };
		8C950E431DCBDE0A005E1A12 /* ViewController.m */ = {isa = PBXFileReference; lastKnownFileType = sourcecode.c.objc; path = ViewController.m; sourceTree = "<group>"; };
		8C950E461DCBDE0A005E1A12 /* Base */ = {isa = PBXFileReference; lastKnownFileType = file.storyboard; name = Base; path = Base.lproj/Main.storyboard; sourceTree = "<group>"; };
		8C950E481DCBDE0A005E1A12 /* Assets.xcassets */ = {isa = PBXFileReference; lastKnownFileType = folder.assetcatalog; path = Assets.xcassets; sourceTree = "<group>"; };
		8C950E4B1DCBDE0A005E1A12 /* Base */ = {isa = PBXFileReference; lastKnownFileType = file.storyboard; name = Base; path = Base.lproj/LaunchScreen.storyboard; sourceTree = "<group>"; };
		8C950E4D1DCBDE0A005E1A12 /* Info.plist */ = {isa = PBXFileReference; lastKnownFileType = text.plist.xml; path = Info.plist; sourceTree = "<group>"; };
		8C950E521DCBDE0B005E1A12 /* SyndromeTests.xctest */ = {isa = PBXFileReference; explicitFileType = wrapper.cfbundle; includeInIndex = 0; path = SyndromeTests.xctest; sourceTree = BUILT_PRODUCTS_DIR; };
		8C950E561DCBDE0B005E1A12 /* SyndromeTests.m */ = {isa = PBXFileReference; lastKnownFileType = sourcecode.c.objc; path = SyndromeTests.m; sourceTree = "<group>"; };
		8C950E581DCBDE0B005E1A12 /* Info.plist */ = {isa = PBXFileReference; lastKnownFileType = text.plist.xml; path = Info.plist; sourceTree = "<group>"; };
		91BB48C04053256BD7DCDE76 /* Pods-Syndrome.debug.xcconfig */ = {isa = PBXFileReference; includeInIndex = 1; lastKnownFileType = text.xcconfig; name = "Pods-Syndrome.debug.xcconfig"; path = "Pods/Target Support Files/Pods-Syndrome/Pods-Syndrome.debug.xcconfig"; sourceTree = "<group>"; };
		94A83D5056178DAE12D3896F /* Pods-Syndrome.release.xcconfig */ = {isa = PBXFileReference; includeInIndex = 1; lastKnownFileType = text.xcconfig; name = "Pods-Syndrome.release.xcconfig"; path = "Pods/Target Support Files/Pods-Syndrome/Pods-Syndrome.release.xcconfig"; sourceTree = "<group>"; };
		BEE2FF26812908353F640DFC /* libPods-Syndrome.a */ = {isa = PBXFileReference; explicitFileType = archive.ar; includeInIndex = 0; path = "libPods-Syndrome.a"; sourceTree = BUILT_PRODUCTS_DIR; };
		D8F0A953AFC1219D42783811 /* Pods-SyndromeTests.debug.xcconfig */ = {isa = PBXFileReference; includeInIndex = 1; lastKnownFileType = text.xcconfig; name = "Pods-SyndromeTests.debug.xcconfig"; path = "Pods/Target Support Files/Pods-SyndromeTests/Pods-SyndromeTests.debug.xcconfig"; sourceTree = "<group>"; };
		F933461B9A6C6E35D876B78F /* libPods-SyndromeTests.a */ = {isa = PBXFileReference; explicitFileType = archive.ar; includeInIndex = 0; path = "libPods-SyndromeTests.a"; sourceTree = BUILT_PRODUCTS_DIR; };
/* End PBXFileReference section */

/* Begin PBXFrameworksBuildPhase section */
		8C950E361DCBDE0A005E1A12 /* Frameworks */ = {
			isa = PBXFrameworksBuildPhase;
			buildActionMask = 2147483647;
			files = (
				4EDE96960464D32963C18608 /* libPods-Syndrome.a in Frameworks */,
			);
			runOnlyForDeploymentPostprocessing = 0;
		};
		8C950E4F1DCBDE0B005E1A12 /* Frameworks */ = {
			isa = PBXFrameworksBuildPhase;
			buildActionMask = 2147483647;
			files = (
				CF6560BEEE20248E779A5C3A /* libPods-SyndromeTests.a in Frameworks */,
			);
			runOnlyForDeploymentPostprocessing = 0;
		};
/* End PBXFrameworksBuildPhase section */

/* Begin PBXGroup section */
		0551314432264C01A175FBB5 /* Frameworks */ = {
			isa = PBXGroup;
			children = (
				BEE2FF26812908353F640DFC /* libPods-Syndrome.a */,
				F933461B9A6C6E35D876B78F /* libPods-SyndromeTests.a */,
			);
			name = Frameworks;
			sourceTree = "<group>";
		};
		8C950E301DCBDE0A005E1A12 = {
			isa = PBXGroup;
			children = (
				8C950E3B1DCBDE0A005E1A12 /* Syndrome */,
				8C950E551DCBDE0B005E1A12 /* SyndromeTests */,
				8C950E3A1DCBDE0A005E1A12 /* Products */,
				D12999CF55D39E1B17EEB882 /* Pods */,
				0551314432264C01A175FBB5 /* Frameworks */,
			);
			sourceTree = "<group>";
		};
		8C950E3A1DCBDE0A005E1A12 /* Products */ = {
			isa = PBXGroup;
			children = (
				8C950E391DCBDE0A005E1A12 /* Syndrome.app */,
				8C950E521DCBDE0B005E1A12 /* SyndromeTests.xctest */,
			);
			name = Products;
			sourceTree = "<group>";
		};
		8C950E3B1DCBDE0A005E1A12 /* Syndrome */ = {
			isa = PBXGroup;
			children = (
				8C950E3F1DCBDE0A005E1A12 /* AppDelegate.h */,
				8C950E401DCBDE0A005E1A12 /* AppDelegate.m */,
				8C950E421DCBDE0A005E1A12 /* ViewController.h */,
				8C950E431DCBDE0A005E1A12 /* ViewController.m */,
				8C950E451DCBDE0A005E1A12 /* Main.storyboard */,
				8C950E481DCBDE0A005E1A12 /* Assets.xcassets */,
				8C950E4A1DCBDE0A005E1A12 /* LaunchScreen.storyboard */,
				8C950E4D1DCBDE0A005E1A12 /* Info.plist */,
				8C950E3C1DCBDE0A005E1A12 /* Supporting Files */,
			);
			path = Syndrome;
			sourceTree = "<group>";
		};
		8C950E3C1DCBDE0A005E1A12 /* Supporting Files */ = {
			isa = PBXGroup;
			children = (
				8C950E3D1DCBDE0A005E1A12 /* main.m */,
			);
			name = "Supporting Files";
			sourceTree = "<group>";
		};
		8C950E551DCBDE0B005E1A12 /* SyndromeTests */ = {
			isa = PBXGroup;
			children = (
				8C950E561DCBDE0B005E1A12 /* SyndromeTests.m */,
				8C950E581DCBDE0B005E1A12 /* Info.plist */,
			);
			path = SyndromeTests;
			sourceTree = "<group>";
		};
		D12999CF55D39E1B17EEB882 /* Pods */ = {
			isa = PBXGroup;
			children = (
				91BB48C04053256BD7DCDE76 /* Pods-Syndrome.debug.xcconfig */,
				94A83D5056178DAE12D3896F /* Pods-Syndrome.release.xcconfig */,
				D8F0A953AFC1219D42783811 /* Pods-SyndromeTests.debug.xcconfig */,
				619C73036F1F0EFBDC562340 /* Pods-SyndromeTests.release.xcconfig */,
			);
			name = Pods;
			sourceTree = "<group>";
		};
/* End PBXGroup section */

/* Begin PBXNativeTarget section */
		8C950E381DCBDE0A005E1A12 /* Syndrome */ = {
			isa = PBXNativeTarget;
			buildConfigurationList = 8C950E5B1DCBDE0B005E1A12 /* Build configuration list for PBXNativeTarget "Syndrome" */;
			buildPhases = (
				BA6AF6F31E7CD98274BF4FB5 /* [CP] Check Pods Manifest.lock */,
				8C950E351DCBDE0A005E1A12 /* Sources */,
				8C950E361DCBDE0A005E1A12 /* Frameworks */,
				8C950E371DCBDE0A005E1A12 /* Resources */,
				DCD8CD0377F866B7AE653A13 /* [CP] Embed Pods Frameworks */,
				7C1F1C7125DF66F6A9DCB80B /* [CP] Copy Pods Resources */,
			);
			buildRules = (
			);
			dependencies = (
			);
			name = Syndrome;
			productName = Syndrome;
			productReference = 8C950E391DCBDE0A005E1A12 /* Syndrome.app */;
			productType = "com.apple.product-type.application";
		};
		8C950E511DCBDE0B005E1A12 /* SyndromeTests */ = {
			isa = PBXNativeTarget;
			buildConfigurationList = 8C950E5E1DCBDE0B005E1A12 /* Build configuration list for PBXNativeTarget "SyndromeTests" */;
			buildPhases = (
				670E77AA15B11B69382E834E /* [CP] Check Pods Manifest.lock */,
				8C950E4E1DCBDE0B005E1A12 /* Sources */,
				8C950E4F1DCBDE0B005E1A12 /* Frameworks */,
				8C950E501DCBDE0B005E1A12 /* Resources */,
				BA1D57385BDB7048D8B626FD /* [CP] Embed Pods Frameworks */,
				64448030A0EE11C4C2EBF38E /* [CP] Copy Pods Resources */,
			);
			buildRules = (
			);
			dependencies = (
				8C950E541DCBDE0B005E1A12 /* PBXTargetDependency */,
			);
			name = SyndromeTests;
			productName = SyndromeTests;
			productReference = 8C950E521DCBDE0B005E1A12 /* SyndromeTests.xctest */;
			productType = "com.apple.product-type.bundle.unit-test";
		};
/* End PBXNativeTarget section */

/* Begin PBXProject section */
		8C950E311DCBDE0A005E1A12 /* Project object */ = {
			isa = PBXProject;
			attributes = {
				LastUpgradeCheck = 0810;
				ORGANIZATIONNAME = Procodific;
				TargetAttributes = {
					8C950E381DCBDE0A005E1A12 = {
						CreatedOnToolsVersion = 8.1;
						ProvisioningStyle = Automatic;
					};
					8C950E511DCBDE0B005E1A12 = {
						CreatedOnToolsVersion = 8.1;
						ProvisioningStyle = Automatic;
						TestTargetID = 8C950E381DCBDE0A005E1A12;
					};
				};
			};
			buildConfigurationList = 8C950E341DCBDE0A005E1A12 /* Build configuration list for PBXProject "Syndrome" */;
			compatibilityVersion = "Xcode 3.2";
			developmentRegion = English;
			hasScannedForEncodings = 0;
			knownRegions = (
				en,
				Base,
			);
			mainGroup = 8C950E301DCBDE0A005E1A12;
			productRefGroup = 8C950E3A1DCBDE0A005E1A12 /* Products */;
			projectDirPath = "";
			projectRoot = "";
			targets = (
				8C950E381DCBDE0A005E1A12 /* Syndrome */,
				8C950E511DCBDE0B005E1A12 /* SyndromeTests */,
			);
		};
/* End PBXProject section */

/* Begin PBXResourcesBuildPhase section */
		8C950E371DCBDE0A005E1A12 /* Resources */ = {
			isa = PBXResourcesBuildPhase;
			buildActionMask = 2147483647;
			files = (
				8C950E4C1DCBDE0A005E1A12 /* LaunchScreen.storyboard in Resources */,
				8C950E491DCBDE0A005E1A12 /* Assets.xcassets in Resources */,
				8C950E471DCBDE0A005E1A12 /* Main.storyboard in Resources */,
			);
			runOnlyForDeploymentPostprocessing = 0;
		};
		8C950E501DCBDE0B005E1A12 /* Resources */ = {
			isa = PBXResourcesBuildPhase;
			buildActionMask = 2147483647;
			files = (
			);
			runOnlyForDeploymentPostprocessing = 0;
		};
/* End PBXResourcesBuildPhase section */

/* Begin PBXShellScriptBuildPhase section */
		64448030A0EE11C4C2EBF38E /* [CP] Copy Pods Resources */ = {
			isa = PBXShellScriptBuildPhase;
			buildActionMask = 2147483647;
			files = (
			);
			inputPaths = (
			);
			name = "[CP] Copy Pods Resources";
			outputPaths = (
			);
			runOnlyForDeploymentPostprocessing = 0;
			shellPath = /bin/sh;
			shellScript = "\"${SRCROOT}/Pods/Target Support Files/Pods-SyndromeTests/Pods-SyndromeTests-resources.sh\"\n";
			showEnvVarsInLog = 0;
		};
		670E77AA15B11B69382E834E /* [CP] Check Pods Manifest.lock */ = {
			isa = PBXShellScriptBuildPhase;
			buildActionMask = 2147483647;
			files = (
			);
			inputPaths = (
			);
			name = "[CP] Check Pods Manifest.lock";
			outputPaths = (
			);
			runOnlyForDeploymentPostprocessing = 0;
			shellPath = /bin/sh;
			shellScript = "diff \"${PODS_ROOT}/../Podfile.lock\" \"${PODS_ROOT}/Manifest.lock\" > /dev/null\nif [ $? != 0 ] ; then\n    # print error to STDERR\n    echo \"error: The sandbox is not in sync with the Podfile.lock. Run 'pod install' or update your CocoaPods installation.\" >&2\n    exit 1\nfi\n";
			showEnvVarsInLog = 0;
		};
		7C1F1C7125DF66F6A9DCB80B /* [CP] Copy Pods Resources */ = {
			isa = PBXShellScriptBuildPhase;
			buildActionMask = 2147483647;
			files = (
			);
			inputPaths = (
			);
			name = "[CP] Copy Pods Resources";
			outputPaths = (
			);
			runOnlyForDeploymentPostprocessing = 0;
			shellPath = /bin/sh;
			shellScript = "\"${SRCROOT}/Pods/Target Support Files/Pods-Syndrome/Pods-Syndrome-resources.sh\"\n";
			showEnvVarsInLog = 0;
		};
		BA1D57385BDB7048D8B626FD /* [CP] Embed Pods Frameworks */ = {
			isa = PBXShellScriptBuildPhase;
			buildActionMask = 2147483647;
			files = (
			);
			inputPaths = (
			);
			name = "[CP] Embed Pods Frameworks";
			outputPaths = (
			);
			runOnlyForDeploymentPostprocessing = 0;
			shellPath = /bin/sh;
			shellScript = "\"${SRCROOT}/Pods/Target Support Files/Pods-SyndromeTests/Pods-SyndromeTests-frameworks.sh\"\n";
			showEnvVarsInLog = 0;
		};
		BA6AF6F31E7CD98274BF4FB5 /* [CP] Check Pods Manifest.lock */ = {
			isa = PBXShellScriptBuildPhase;
			buildActionMask = 2147483647;
			files = (
			);
			inputPaths = (
			);
			name = "[CP] Check Pods Manifest.lock";
			outputPaths = (
			);
			runOnlyForDeploymentPostprocessing = 0;
			shellPath = /bin/sh;
			shellScript = "diff \"${PODS_ROOT}/../Podfile.lock\" \"${PODS_ROOT}/Manifest.lock\" > /dev/null\nif [ $? != 0 ] ; then\n    # print error to STDERR\n    echo \"error: The sandbox is not in sync with the Podfile.lock. Run 'pod install' or update your CocoaPods installation.\" >&2\n    exit 1\nfi\n";
			showEnvVarsInLog = 0;
		};
		DCD8CD0377F866B7AE653A13 /* [CP] Embed Pods Frameworks */ = {
			isa = PBXShellScriptBuildPhase;
			buildActionMask = 2147483647;
			files = (
			);
			inputPaths = (
			);
			name = "[CP] Embed Pods Frameworks";
			outputPaths = (
			);
			runOnlyForDeploymentPostprocessing = 0;
			shellPath = /bin/sh;
			shellScript = "\"${SRCROOT}/Pods/Target Support Files/Pods-Syndrome/Pods-Syndrome-frameworks.sh\"\n";
			showEnvVarsInLog = 0;
		};
/* End PBXShellScriptBuildPhase section */

/* Begin PBXSourcesBuildPhase section */
		8C950E351DCBDE0A005E1A12 /* Sources */ = {
			isa = PBXSourcesBuildPhase;
			buildActionMask = 2147483647;
			files = (
				8C950E441DCBDE0A005E1A12 /* ViewController.m in Sources */,
				8C950E411DCBDE0A005E1A12 /* AppDelegate.m in Sources */,
				8C950E3E1DCBDE0A005E1A12 /* main.m in Sources */,
			);
			runOnlyForDeploymentPostprocessing = 0;
		};
		8C950E4E1DCBDE0B005E1A12 /* Sources */ = {
			isa = PBXSourcesBuildPhase;
			buildActionMask = 2147483647;
			files = (
				8C950E571DCBDE0B005E1A12 /* SyndromeTests.m in Sources */,
			);
			runOnlyForDeploymentPostprocessing = 0;
		};
/* End PBXSourcesBuildPhase section */

/* Begin PBXTargetDependency section */
		8C950E541DCBDE0B005E1A12 /* PBXTargetDependency */ = {
			isa = PBXTargetDependency;
			target = 8C950E381DCBDE0A005E1A12 /* Syndrome */;
			targetProxy = 8C950E531DCBDE0B005E1A12 /* PBXContainerItemProxy */;
		};
/* End PBXTargetDependency section */

/* Begin PBXVariantGroup section */
		8C950E451DCBDE0A005E1A12 /* Main.storyboard */ = {
			isa = PBXVariantGroup;
			children = (
				8C950E461DCBDE0A005E1A12 /* Base */,
			);
			name = Main.storyboard;
			sourceTree = "<group>";
		};
		8C950E4A1DCBDE0A005E1A12 /* LaunchScreen.storyboard */ = {
			isa = PBXVariantGroup;
			children = (
				8C950E4B1DCBDE0A005E1A12 /* Base */,
			);
			name = LaunchScreen.storyboard;
			sourceTree = "<group>";
		};
/* End PBXVariantGroup section */

/* Begin XCBuildConfiguration section */
		8C950E591DCBDE0B005E1A12 /* Debug */ = {
			isa = XCBuildConfiguration;
			buildSettings = {
				ALWAYS_SEARCH_USER_PATHS = NO;
				CLANG_ANALYZER_NONNULL = YES;
				CLANG_CXX_LANGUAGE_STANDARD = "gnu++0x";
				CLANG_CXX_LIBRARY = "libc++";
				CLANG_ENABLE_MODULES = YES;
				CLANG_ENABLE_OBJC_ARC = YES;
				CLANG_WARN_BOOL_CONVERSION = YES;
				CLANG_WARN_CONSTANT_CONVERSION = YES;
				CLANG_WARN_DIRECT_OBJC_ISA_USAGE = YES_ERROR;
				CLANG_WARN_DOCUMENTATION_COMMENTS = YES;
				CLANG_WARN_EMPTY_BODY = YES;
				CLANG_WARN_ENUM_CONVERSION = YES;
				CLANG_WARN_INFINITE_RECURSION = YES;
				CLANG_WARN_INT_CONVERSION = YES;
				CLANG_WARN_OBJC_ROOT_CLASS = YES_ERROR;
				CLANG_WARN_SUSPICIOUS_MOVES = YES;
				CLANG_WARN_UNREACHABLE_CODE = YES;
				CLANG_WARN__DUPLICATE_METHOD_MATCH = YES;
				"CODE_SIGN_IDENTITY[sdk=iphoneos*]" = "iPhone Developer";
				COPY_PHASE_STRIP = NO;
				DEBUG_INFORMATION_FORMAT = dwarf;
				ENABLE_STRICT_OBJC_MSGSEND = YES;
				ENABLE_TESTABILITY = YES;
				GCC_C_LANGUAGE_STANDARD = gnu99;
				GCC_DYNAMIC_NO_PIC = NO;
				GCC_NO_COMMON_BLOCKS = YES;
				GCC_OPTIMIZATION_LEVEL = 0;
				GCC_PREPROCESSOR_DEFINITIONS = (
					"DEBUG=1",
					"$(inherited)",
				);
				GCC_WARN_64_TO_32_BIT_CONVERSION = YES;
				GCC_WARN_ABOUT_RETURN_TYPE = YES_ERROR;
				GCC_WARN_UNDECLARED_SELECTOR = YES;
				GCC_WARN_UNINITIALIZED_AUTOS = YES_AGGRESSIVE;
				GCC_WARN_UNUSED_FUNCTION = YES;
				GCC_WARN_UNUSED_VARIABLE = YES;
				IPHONEOS_DEPLOYMENT_TARGET = 10.1;
				MTL_ENABLE_DEBUG_INFO = YES;
				ONLY_ACTIVE_ARCH = YES;
				SDKROOT = iphoneos;
				TARGETED_DEVICE_FAMILY = "1,2";
			};
			name = Debug;
		};
		8C950E5A1DCBDE0B005E1A12 /* Release */ = {
			isa = XCBuildConfiguration;
			buildSettings = {
				ALWAYS_SEARCH_USER_PATHS = NO;
				CLANG_ANALYZER_NONNULL = YES;
				CLANG_CXX_LANGUAGE_STANDARD = "gnu++0x";
				CLANG_CXX_LIBRARY = "libc++";
				CLANG_ENABLE_MODULES = YES;
				CLANG_ENABLE_OBJC_ARC = YES;
				CLANG_WARN_BOOL_CONVERSION = YES;
				CLANG_WARN_CONSTANT_CONVERSION = YES;
				CLANG_WARN_DIRECT_OBJC_ISA_USAGE = YES_ERROR;
				CLANG_WARN_DOCUMENTATION_COMMENTS = YES;
				CLANG_WARN_EMPTY_BODY = YES;
				CLANG_WARN_ENUM_CONVERSION = YES;
				CLANG_WARN_INFINITE_RECURSION = YES;
				CLANG_WARN_INT_CONVERSION = YES;
				CLANG_WARN_OBJC_ROOT_CLASS = YES_ERROR;
				CLANG_WARN_SUSPICIOUS_MOVES = YES;
				CLANG_WARN_UNREACHABLE_CODE = YES;
				CLANG_WARN__DUPLICATE_METHOD_MATCH = YES;
				"CODE_SIGN_IDENTITY[sdk=iphoneos*]" = "iPhone Developer";
				COPY_PHASE_STRIP = NO;
				DEBUG_INFORMATION_FORMAT = "dwarf-with-dsym";
				ENABLE_NS_ASSERTIONS = NO;
				ENABLE_STRICT_OBJC_MSGSEND = YES;
				GCC_C_LANGUAGE_STANDARD = gnu99;
				GCC_NO_COMMON_BLOCKS = YES;
				GCC_WARN_64_TO_32_BIT_CONVERSION = YES;
				GCC_WARN_ABOUT_RETURN_TYPE = YES_ERROR;
				GCC_WARN_UNDECLARED_SELECTOR = YES;
				GCC_WARN_UNINITIALIZED_AUTOS = YES_AGGRESSIVE;
				GCC_WARN_UNUSED_FUNCTION = YES;
				GCC_WARN_UNUSED_VARIABLE = YES;
				IPHONEOS_DEPLOYMENT_TARGET = 10.1;
				MTL_ENABLE_DEBUG_INFO = NO;
				SDKROOT = iphoneos;
				TARGETED_DEVICE_FAMILY = "1,2";
				VALIDATE_PRODUCT = YES;
			};
			name = Release;
		};
		8C950E5C1DCBDE0B005E1A12 /* Debug */ = {
			isa = XCBuildConfiguration;
			baseConfigurationReference = 91BB48C04053256BD7DCDE76 /* Pods-Syndrome.debug.xcconfig */;
			buildSettings = {
				ASSETCATALOG_COMPILER_APPICON_NAME = AppIcon;
				INFOPLIST_FILE = Syndrome/Info.plist;
				LD_RUNPATH_SEARCH_PATHS = "$(inherited) @executable_path/Frameworks";
				PRODUCT_BUNDLE_IDENTIFIER = procodific.Syndrome;
				PRODUCT_NAME = "$(TARGET_NAME)";
			};
			name = Debug;
		};
		8C950E5D1DCBDE0B005E1A12 /* Release */ = {
			isa = XCBuildConfiguration;
			baseConfigurationReference = 94A83D5056178DAE12D3896F /* Pods-Syndrome.release.xcconfig */;
			buildSettings = {
				ASSETCATALOG_COMPILER_APPICON_NAME = AppIcon;
				INFOPLIST_FILE = Syndrome/Info.plist;
				LD_RUNPATH_SEARCH_PATHS = "$(inherited) @executable_path/Frameworks";
				PRODUCT_BUNDLE_IDENTIFIER = procodific.Syndrome;
				PRODUCT_NAME = "$(TARGET_NAME)";
			};
			name = Release;
		};
		8C950E5F1DCBDE0B005E1A12 /* Debug */ = {
			isa = XCBuildConfiguration;
			baseConfigurationReference = D8F0A953AFC1219D42783811 /* Pods-SyndromeTests.debug.xcconfig */;
			buildSettings = {
				BUNDLE_LOADER = "$(TEST_HOST)";
				INFOPLIST_FILE = SyndromeTests/Info.plist;
				LD_RUNPATH_SEARCH_PATHS = "$(inherited) @executable_path/Frameworks @loader_path/Frameworks";
				PRODUCT_BUNDLE_IDENTIFIER = procodific.SyndromeTests;
				PRODUCT_NAME = "$(TARGET_NAME)";
				TEST_HOST = "$(BUILT_PRODUCTS_DIR)/Syndrome.app/Syndrome";
			};
			name = Debug;
		};
		8C950E601DCBDE0B005E1A12 /* Release */ = {
			isa = XCBuildConfiguration;
			baseConfigurationReference = 619C73036F1F0EFBDC562340 /* Pods-SyndromeTests.release.xcconfig */;
			buildSettings = {
				BUNDLE_LOADER = "$(TEST_HOST)";
				INFOPLIST_FILE = SyndromeTests/Info.plist;
				LD_RUNPATH_SEARCH_PATHS = "$(inherited) @executable_path/Frameworks @loader_path/Frameworks";
				PRODUCT_BUNDLE_IDENTIFIER = procodific.SyndromeTests;
				PRODUCT_NAME = "$(TARGET_NAME)";
				TEST_HOST = "$(BUILT_PRODUCTS_DIR)/Syndrome.app/Syndrome";
			};
			name = Release;
		};
/* End XCBuildConfiguration section */

/* Begin XCConfigurationList section */
		8C950E341DCBDE0A005E1A12 /* Build configuration list for PBXProject "Syndrome" */ = {
			isa = XCConfigurationList;
			buildConfigurations = (
				8C950E591DCBDE0B005E1A12 /* Debug */,
				8C950E5A1DCBDE0B005E1A12 /* Release */,
			);
			defaultConfigurationIsVisible = 0;
			defaultConfigurationName = Release;
		};
		8C950E5B1DCBDE0B005E1A12 /* Build configuration list for PBXNativeTarget "Syndrome" */ = {
			isa = XCConfigurationList;
			buildConfigurations = (
				8C950E5C1DCBDE0B005E1A12 /* Debug */,
				8C950E5D1DCBDE0B005E1A12 /* Release */,
			);
			defaultConfigurationIsVisible = 0;
			defaultConfigurationName = Release;
		};
		8C950E5E1DCBDE0B005E1A12 /* Build configuration list for PBXNativeTarget "SyndromeTests" */ = {
			isa = XCConfigurationList;
			buildConfigurations = (
				8C950E5F1DCBDE0B005E1A12 /* Debug */,
				8C950E601DCBDE0B005E1A12 /* Release */,
			);
			defaultConfigurationIsVisible = 0;
			defaultConfigurationName = Release;
		};
/* End XCConfigurationList section */
	};
	rootObject = 8C950E311DCBDE0A005E1A12 /* Project object */;
}
